// !$*UTF8*$!
{
	archiveVersion = 1;
	classes = {
	};
	objectVersion = 56;
	objects = {

/* Begin PBXBuildFile section */
		60D3BC03DA8F8A63DF702D33 /* Pods_MyInstagram.framework in Frameworks */ = {isa = PBXBuildFile; fileRef = 0607AA9F58EBC8842E900F50 /* Pods_MyInstagram.framework */; };
		F721F88D2B2F574300652917 /* AppDelegate.swift in Sources */ = {isa = PBXBuildFile; fileRef = F721F88C2B2F574300652917 /* AppDelegate.swift */; };
		F721F88F2B2F574300652917 /* SceneDelegate.swift in Sources */ = {isa = PBXBuildFile; fileRef = F721F88E2B2F574300652917 /* SceneDelegate.swift */; };
		F721F8912B2F574300652917 /* ViewController.swift in Sources */ = {isa = PBXBuildFile; fileRef = F721F8902B2F574300652917 /* ViewController.swift */; };
		F721F8942B2F574300652917 /* Main.storyboard in Resources */ = {isa = PBXBuildFile; fileRef = F721F8922B2F574300652917 /* Main.storyboard */; };
		F721F8962B2F574600652917 /* Assets.xcassets in Resources */ = {isa = PBXBuildFile; fileRef = F721F8952B2F574600652917 /* Assets.xcassets */; };
		F721F8992B2F574600652917 /* LaunchScreen.storyboard in Resources */ = {isa = PBXBuildFile; fileRef = F721F8972B2F574600652917 /* LaunchScreen.storyboard */; };
		F721F8A12B2F5A1500652917 /* SplashScreenViewController.swift in Sources */ = {isa = PBXBuildFile; fileRef = F721F8A02B2F5A1500652917 /* SplashScreenViewController.swift */; };
		F721F8C52B3A3E9C00652917 /* MainNavBarView.swift in Sources */ = {isa = PBXBuildFile; fileRef = F721F8C42B3A3E9C00652917 /* MainNavBarView.swift */; };
		F721F8CF2B3A617F00652917 /* Lobster-Regular.ttf in Resources */ = {isa = PBXBuildFile; fileRef = F721F8CE2B3A5FEA00652917 /* Lobster-Regular.ttf */; };
		F721F8D12B3C07D100652917 /* StoryCollectionViewCell.swift in Sources */ = {isa = PBXBuildFile; fileRef = F721F8D02B3C07D100652917 /* StoryCollectionViewCell.swift */; };
		F721F8D32B3C1BB600652917 /* StoryCellItemStruct.swift in Sources */ = {isa = PBXBuildFile; fileRef = F721F8D22B3C1BB600652917 /* StoryCellItemStruct.swift */; };
		F721F8D52B41A1B600652917 /* PostCollectionViewCell.swift in Sources */ = {isa = PBXBuildFile; fileRef = F721F8D42B41A1B600652917 /* PostCollectionViewCell.swift */; };
		F721F8D72B41A22200652917 /* PostHeadBarView.swift in Sources */ = {isa = PBXBuildFile; fileRef = F721F8D62B41A22200652917 /* PostHeadBarView.swift */; };
		F721F8D92B41D26200652917 /* PostBottomBarView.swift in Sources */ = {isa = PBXBuildFile; fileRef = F721F8D82B41D26200652917 /* PostBottomBarView.swift */; };
		F721F8FB2B4442CE00652917 /* PostCommentsView.swift in Sources */ = {isa = PBXBuildFile; fileRef = F721F8FA2B4442CE00652917 /* PostCommentsView.swift */; };
		F721F8FD2B4AC85F00652917 /* ToolBarView.swift in Sources */ = {isa = PBXBuildFile; fileRef = F721F8FC2B4AC85F00652917 /* ToolBarView.swift */; };
		F7257F992B4ED8560029B8A6 /* AddPostViewController.swift in Sources */ = {isa = PBXBuildFile; fileRef = F7257F982B4ED8560029B8A6 /* AddPostViewController.swift */; };
		F7257F9B2B509B830029B8A6 /* AccountViewController.swift in Sources */ = {isa = PBXBuildFile; fileRef = F7257F9A2B509B830029B8A6 /* AccountViewController.swift */; };
		F7257F9D2B509C2F0029B8A6 /* AccountNavBarView.swift in Sources */ = {isa = PBXBuildFile; fileRef = F7257F9C2B509C2F0029B8A6 /* AccountNavBarView.swift */; };
		F7257F9F2B5157C20029B8A6 /* MainAccountView.swift in Sources */ = {isa = PBXBuildFile; fileRef = F7257F9E2B5157C20029B8A6 /* MainAccountView.swift */; };
		F7257FA12B5308DF0029B8A6 /* AccountCollectionViewCell.swift in Sources */ = {isa = PBXBuildFile; fileRef = F7257FA02B5308DF0029B8A6 /* AccountCollectionViewCell.swift */; };
		F7257FA32B55BCF50029B8A6 /* AuthViewController.swift in Sources */ = {isa = PBXBuildFile; fileRef = F7257FA22B55BCF40029B8A6 /* AuthViewController.swift */; };
		F7257FA52B55C0520029B8A6 /* GoogleService-Info.plist in Resources */ = {isa = PBXBuildFile; fileRef = F7257FA42B55C0520029B8A6 /* GoogleService-Info.plist */; };
/* End PBXBuildFile section */

/* Begin PBXFileReference section */
		0607AA9F58EBC8842E900F50 /* Pods_MyInstagram.framework */ = {isa = PBXFileReference; explicitFileType = wrapper.framework; includeInIndex = 0; path = Pods_MyInstagram.framework; sourceTree = BUILT_PRODUCTS_DIR; };
		8712957D56F50C684FF23336 /* Pods-MyInstagram.release.xcconfig */ = {isa = PBXFileReference; includeInIndex = 1; lastKnownFileType = text.xcconfig; name = "Pods-MyInstagram.release.xcconfig"; path = "Target Support Files/Pods-MyInstagram/Pods-MyInstagram.release.xcconfig"; sourceTree = "<group>"; };
		D52E4AEC3F12E144E800430E /* Pods-MyInstagram.debug.xcconfig */ = {isa = PBXFileReference; includeInIndex = 1; lastKnownFileType = text.xcconfig; name = "Pods-MyInstagram.debug.xcconfig"; path = "Target Support Files/Pods-MyInstagram/Pods-MyInstagram.debug.xcconfig"; sourceTree = "<group>"; };
		F721F8892B2F574300652917 /* MyInstagram.app */ = {isa = PBXFileReference; explicitFileType = wrapper.application; includeInIndex = 0; path = MyInstagram.app; sourceTree = BUILT_PRODUCTS_DIR; };
		F721F88C2B2F574300652917 /* AppDelegate.swift */ = {isa = PBXFileReference; lastKnownFileType = sourcecode.swift; path = AppDelegate.swift; sourceTree = "<group>"; };
		F721F88E2B2F574300652917 /* SceneDelegate.swift */ = {isa = PBXFileReference; lastKnownFileType = sourcecode.swift; path = SceneDelegate.swift; sourceTree = "<group>"; };
		F721F8902B2F574300652917 /* ViewController.swift */ = {isa = PBXFileReference; lastKnownFileType = sourcecode.swift; path = ViewController.swift; sourceTree = "<group>"; };
		F721F8932B2F574300652917 /* Base */ = {isa = PBXFileReference; lastKnownFileType = file.storyboard; name = Base; path = Base.lproj/Main.storyboard; sourceTree = "<group>"; };
		F721F8952B2F574600652917 /* Assets.xcassets */ = {isa = PBXFileReference; lastKnownFileType = folder.assetcatalog; path = Assets.xcassets; sourceTree = "<group>"; };
		F721F8982B2F574600652917 /* Base */ = {isa = PBXFileReference; lastKnownFileType = file.storyboard; name = Base; path = Base.lproj/LaunchScreen.storyboard; sourceTree = "<group>"; };
		F721F89A2B2F574600652917 /* Info.plist */ = {isa = PBXFileReference; lastKnownFileType = text.plist.xml; path = Info.plist; sourceTree = "<group>"; };
		F721F8A02B2F5A1500652917 /* SplashScreenViewController.swift */ = {isa = PBXFileReference; lastKnownFileType = sourcecode.swift; path = SplashScreenViewController.swift; sourceTree = "<group>"; };
		F721F8C42B3A3E9C00652917 /* MainNavBarView.swift */ = {isa = PBXFileReference; lastKnownFileType = sourcecode.swift; path = MainNavBarView.swift; sourceTree = "<group>"; };
		F721F8CE2B3A5FEA00652917 /* Lobster-Regular.ttf */ = {isa = PBXFileReference; lastKnownFileType = file; path = "Lobster-Regular.ttf"; sourceTree = "<group>"; };
		F721F8D02B3C07D100652917 /* StoryCollectionViewCell.swift */ = {isa = PBXFileReference; lastKnownFileType = sourcecode.swift; path = StoryCollectionViewCell.swift; sourceTree = "<group>"; };
		F721F8D22B3C1BB600652917 /* StoryCellItemStruct.swift */ = {isa = PBXFileReference; lastKnownFileType = sourcecode.swift; path = StoryCellItemStruct.swift; sourceTree = "<group>"; };
		F721F8D42B41A1B600652917 /* PostCollectionViewCell.swift */ = {isa = PBXFileReference; lastKnownFileType = sourcecode.swift; path = PostCollectionViewCell.swift; sourceTree = "<group>"; };
		F721F8D62B41A22200652917 /* PostHeadBarView.swift */ = {isa = PBXFileReference; lastKnownFileType = sourcecode.swift; path = PostHeadBarView.swift; sourceTree = "<group>"; };
		F721F8D82B41D26200652917 /* PostBottomBarView.swift */ = {isa = PBXFileReference; lastKnownFileType = sourcecode.swift; path = PostBottomBarView.swift; sourceTree = "<group>"; };
		F721F8FA2B4442CE00652917 /* PostCommentsView.swift */ = {isa = PBXFileReference; lastKnownFileType = sourcecode.swift; path = PostCommentsView.swift; sourceTree = "<group>"; };
		F721F8FC2B4AC85F00652917 /* ToolBarView.swift */ = {isa = PBXFileReference; lastKnownFileType = sourcecode.swift; path = ToolBarView.swift; sourceTree = "<group>"; };
		F7257F982B4ED8560029B8A6 /* AddPostViewController.swift */ = {isa = PBXFileReference; lastKnownFileType = sourcecode.swift; path = AddPostViewController.swift; sourceTree = "<group>"; };
		F7257F9A2B509B830029B8A6 /* AccountViewController.swift */ = {isa = PBXFileReference; lastKnownFileType = sourcecode.swift; path = AccountViewController.swift; sourceTree = "<group>"; };
		F7257F9C2B509C2F0029B8A6 /* AccountNavBarView.swift */ = {isa = PBXFileReference; lastKnownFileType = sourcecode.swift; path = AccountNavBarView.swift; sourceTree = "<group>"; };
		F7257F9E2B5157C20029B8A6 /* MainAccountView.swift */ = {isa = PBXFileReference; lastKnownFileType = sourcecode.swift; path = MainAccountView.swift; sourceTree = "<group>"; };
		F7257FA02B5308DF0029B8A6 /* AccountCollectionViewCell.swift */ = {isa = PBXFileReference; lastKnownFileType = sourcecode.swift; path = AccountCollectionViewCell.swift; sourceTree = "<group>"; };
		F7257FA22B55BCF40029B8A6 /* AuthViewController.swift */ = {isa = PBXFileReference; lastKnownFileType = sourcecode.swift; path = AuthViewController.swift; sourceTree = "<group>"; };
		F7257FA42B55C0520029B8A6 /* GoogleService-Info.plist */ = {isa = PBXFileReference; fileEncoding = 4; lastKnownFileType = text.plist.xml; path = "GoogleService-Info.plist"; sourceTree = "<group>"; };
/* End PBXFileReference section */

/* Begin PBXFrameworksBuildPhase section */
		F721F8862B2F574300652917 /* Frameworks */ = {
			isa = PBXFrameworksBuildPhase;
			buildActionMask = 2147483647;
			files = (
				60D3BC03DA8F8A63DF702D33 /* Pods_MyInstagram.framework in Frameworks */,
			);
			runOnlyForDeploymentPostprocessing = 0;
		};
/* End PBXFrameworksBuildPhase section */

/* Begin PBXGroup section */
		2B3642BED9073BE063D77425 /* Pods */ = {
			isa = PBXGroup;
			children = (
				D52E4AEC3F12E144E800430E /* Pods-MyInstagram.debug.xcconfig */,
				8712957D56F50C684FF23336 /* Pods-MyInstagram.release.xcconfig */,
			);
			path = Pods;
			sourceTree = "<group>";
		};
		76C041F1068DEA50193B7901 /* Frameworks */ = {
			isa = PBXGroup;
			children = (
				0607AA9F58EBC8842E900F50 /* Pods_MyInstagram.framework */,
			);
			name = Frameworks;
			sourceTree = "<group>";
		};
		F721F8802B2F574300652917 = {
			isa = PBXGroup;
			children = (
				F721F88B2B2F574300652917 /* MyInstagram */,
				F721F88A2B2F574300652917 /* Products */,
				2B3642BED9073BE063D77425 /* Pods */,
				76C041F1068DEA50193B7901 /* Frameworks */,
			);
			sourceTree = "<group>";
		};
		F721F88A2B2F574300652917 /* Products */ = {
			isa = PBXGroup;
			children = (
				F721F8892B2F574300652917 /* MyInstagram.app */,
			);
			name = Products;
			sourceTree = "<group>";
		};
		F721F88B2B2F574300652917 /* MyInstagram */ = {
			isa = PBXGroup;
			children = (
				F721F88C2B2F574300652917 /* AppDelegate.swift */,
				F721F88E2B2F574300652917 /* SceneDelegate.swift */,
				F74D19222B5FFC1300CAE17C /* Models */,
				F74D19212B5FFC0C00CAE17C /* Views */,
				F74D19202B5FFC0200CAE17C /* Controllers */,
				F721F8C92B3A4B0300652917 /* Fonts */,
				F721F8952B2F574600652917 /* Assets.xcassets */,
				F721F89A2B2F574600652917 /* Info.plist */,
				F7257FA42B55C0520029B8A6 /* GoogleService-Info.plist */,
			);
			path = MyInstagram;
			sourceTree = "<group>";
		};
		F721F8C92B3A4B0300652917 /* Fonts */ = {
			isa = PBXGroup;
			children = (
				F721F8CE2B3A5FEA00652917 /* Lobster-Regular.ttf */,
			);
			path = Fonts;
			sourceTree = "<group>";
		};
		F74D19202B5FFC0200CAE17C /* Controllers */ = {
			isa = PBXGroup;
			children = (
				F7257F982B4ED8560029B8A6 /* AddPostViewController.swift */,
				F7257F9A2B509B830029B8A6 /* AccountViewController.swift */,
				F7257FA22B55BCF40029B8A6 /* AuthViewController.swift */,
				F721F8902B2F574300652917 /* ViewController.swift */,
				F721F8A02B2F5A1500652917 /* SplashScreenViewController.swift */,
			);
			path = Controllers;
			sourceTree = "<group>";
		};
		F74D19212B5FFC0C00CAE17C /* Views */ = {
			isa = PBXGroup;
			children = (
				F74D19242B5FFCAC00CAE17C /* Storyboards */,
				F721F8C42B3A3E9C00652917 /* MainNavBarView.swift */,
				F7257F9C2B509C2F0029B8A6 /* AccountNavBarView.swift */,
				F7257F9E2B5157C20029B8A6 /* MainAccountView.swift */,
				F721F8D02B3C07D100652917 /* StoryCollectionViewCell.swift */,
				F721F8D42B41A1B600652917 /* PostCollectionViewCell.swift */,
				F7257FA02B5308DF0029B8A6 /* AccountCollectionViewCell.swift */,
				F721F8D62B41A22200652917 /* PostHeadBarView.swift */,
				F721F8D82B41D26200652917 /* PostBottomBarView.swift */,
				F721F8FA2B4442CE00652917 /* PostCommentsView.swift */,
				F721F8FC2B4AC85F00652917 /* ToolBarView.swift */,
			);
			path = Views;
			sourceTree = "<group>";
		};
		F74D19222B5FFC1300CAE17C /* Models */ = {
			isa = PBXGroup;
			children = (
				F721F8D22B3C1BB600652917 /* StoryCellItemStruct.swift */,
			);
			path = Models;
			sourceTree = "<group>";
		};
		F74D19242B5FFCAC00CAE17C /* Storyboards */ = {
			isa = PBXGroup;
			children = (
				F721F8922B2F574300652917 /* Main.storyboard */,
				F721F8972B2F574600652917 /* LaunchScreen.storyboard */,
			);
			path = Storyboards;
			sourceTree = "<group>";
		};
/* End PBXGroup section */

/* Begin PBXNativeTarget section */
		F721F8882B2F574300652917 /* MyInstagram */ = {
			isa = PBXNativeTarget;
			buildConfigurationList = F721F89D2B2F574600652917 /* Build configuration list for PBXNativeTarget "MyInstagram" */;
			buildPhases = (
				DDB3B3A2825AE3D101434CBE /* [CP] Check Pods Manifest.lock */,
				F721F8852B2F574300652917 /* Sources */,
				F721F8862B2F574300652917 /* Frameworks */,
				F721F8872B2F574300652917 /* Resources */,
				874AE4B391007826268721B1 /* [CP] Embed Pods Frameworks */,
			);
			buildRules = (
			);
			dependencies = (
			);
			name = MyInstagram;
			productName = MyInstagram;
			productReference = F721F8892B2F574300652917 /* MyInstagram.app */;
			productType = "com.apple.product-type.application";
		};
/* End PBXNativeTarget section */

/* Begin PBXProject section */
		F721F8812B2F574300652917 /* Project object */ = {
			isa = PBXProject;
			attributes = {
				BuildIndependentTargetsInParallel = 1;
				LastSwiftUpdateCheck = 1500;
				LastUpgradeCheck = 1500;
				TargetAttributes = {
					F721F8882B2F574300652917 = {
						CreatedOnToolsVersion = 15.0;
					};
				};
			};
			buildConfigurationList = F721F8842B2F574300652917 /* Build configuration list for PBXProject "MyInstagram" */;
			compatibilityVersion = "Xcode 14.0";
			developmentRegion = en;
			hasScannedForEncodings = 0;
			knownRegions = (
				en,
				Base,
			);
			mainGroup = F721F8802B2F574300652917;
			productRefGroup = F721F88A2B2F574300652917 /* Products */;
			projectDirPath = "";
			projectRoot = "";
			targets = (
				F721F8882B2F574300652917 /* MyInstagram */,
			);
		};
/* End PBXProject section */

/* Begin PBXResourcesBuildPhase section */
		F721F8872B2F574300652917 /* Resources */ = {
			isa = PBXResourcesBuildPhase;
			buildActionMask = 2147483647;
			files = (
				F721F8992B2F574600652917 /* LaunchScreen.storyboard in Resources */,
				F721F8CF2B3A617F00652917 /* Lobster-Regular.ttf in Resources */,
				F7257FA52B55C0520029B8A6 /* GoogleService-Info.plist in Resources */,
				F721F8962B2F574600652917 /* Assets.xcassets in Resources */,
				F721F8942B2F574300652917 /* Main.storyboard in Resources */,
			);
			runOnlyForDeploymentPostprocessing = 0;
		};
/* End PBXResourcesBuildPhase section */

/* Begin PBXShellScriptBuildPhase section */
		874AE4B391007826268721B1 /* [CP] Embed Pods Frameworks */ = {
			isa = PBXShellScriptBuildPhase;
			buildActionMask = 2147483647;
			files = (
			);
			inputFileListPaths = (
				"${PODS_ROOT}/Target Support Files/Pods-MyInstagram/Pods-MyInstagram-frameworks-${CONFIGURATION}-input-files.xcfilelist",
			);
			name = "[CP] Embed Pods Frameworks";
			outputFileListPaths = (
				"${PODS_ROOT}/Target Support Files/Pods-MyInstagram/Pods-MyInstagram-frameworks-${CONFIGURATION}-output-files.xcfilelist",
			);
			runOnlyForDeploymentPostprocessing = 0;
			shellPath = /bin/sh;
			shellScript = "\"${PODS_ROOT}/Target Support Files/Pods-MyInstagram/Pods-MyInstagram-frameworks.sh\"\n";
			showEnvVarsInLog = 0;
		};
		DDB3B3A2825AE3D101434CBE /* [CP] Check Pods Manifest.lock */ = {
			isa = PBXShellScriptBuildPhase;
			buildActionMask = 2147483647;
			files = (
			);
			inputFileListPaths = (
			);
			inputPaths = (
				"${PODS_PODFILE_DIR_PATH}/Podfile.lock",
				"${PODS_ROOT}/Manifest.lock",
			);
			name = "[CP] Check Pods Manifest.lock";
			outputFileListPaths = (
			);
			outputPaths = (
				"$(DERIVED_FILE_DIR)/Pods-MyInstagram-checkManifestLockResult.txt",
			);
			runOnlyForDeploymentPostprocessing = 0;
			shellPath = /bin/sh;
			shellScript = "diff \"${PODS_PODFILE_DIR_PATH}/Podfile.lock\" \"${PODS_ROOT}/Manifest.lock\" > /dev/null\nif [ $? != 0 ] ; then\n    # print error to STDERR\n    echo \"error: The sandbox is not in sync with the Podfile.lock. Run 'pod install' or update your CocoaPods installation.\" >&2\n    exit 1\nfi\n# This output is used by Xcode 'outputs' to avoid re-running this script phase.\necho \"SUCCESS\" > \"${SCRIPT_OUTPUT_FILE_0}\"\n";
			showEnvVarsInLog = 0;
		};
/* End PBXShellScriptBuildPhase section */

/* Begin PBXSourcesBuildPhase section */
		F721F8852B2F574300652917 /* Sources */ = {
			isa = PBXSourcesBuildPhase;
			buildActionMask = 2147483647;
			files = (
				F721F8912B2F574300652917 /* ViewController.swift in Sources */,
				F721F8FB2B4442CE00652917 /* PostCommentsView.swift in Sources */,
				F7257F9B2B509B830029B8A6 /* AccountViewController.swift in Sources */,
				F721F8D92B41D26200652917 /* PostBottomBarView.swift in Sources */,
				F721F8C52B3A3E9C00652917 /* MainNavBarView.swift in Sources */,
				F7257F992B4ED8560029B8A6 /* AddPostViewController.swift in Sources */,
				F721F8D72B41A22200652917 /* PostHeadBarView.swift in Sources */,
				F721F8D32B3C1BB600652917 /* StoryCellItemStruct.swift in Sources */,
				F721F8FD2B4AC85F00652917 /* ToolBarView.swift in Sources */,
				F721F88D2B2F574300652917 /* AppDelegate.swift in Sources */,
				F721F8D52B41A1B600652917 /* PostCollectionViewCell.swift in Sources */,
				F7257F9D2B509C2F0029B8A6 /* AccountNavBarView.swift in Sources */,
				F721F88F2B2F574300652917 /* SceneDelegate.swift in Sources */,
				F7257F9F2B5157C20029B8A6 /* MainAccountView.swift in Sources */,
				F721F8D12B3C07D100652917 /* StoryCollectionViewCell.swift in Sources */,
				F721F8A12B2F5A1500652917 /* SplashScreenViewController.swift in Sources */,
				F7257FA32B55BCF50029B8A6 /* AuthViewController.swift in Sources */,
				F7257FA12B5308DF0029B8A6 /* AccountCollectionViewCell.swift in Sources */,
			);
			runOnlyForDeploymentPostprocessing = 0;
		};
/* End PBXSourcesBuildPhase section */

/* Begin PBXVariantGroup section */
		F721F8922B2F574300652917 /* Main.storyboard */ = {
			isa = PBXVariantGroup;
			children = (
				F721F8932B2F574300652917 /* Base */,
			);
			name = Main.storyboard;
			sourceTree = "<group>";
		};
		F721F8972B2F574600652917 /* LaunchScreen.storyboard */ = {
			isa = PBXVariantGroup;
			children = (
				F721F8982B2F574600652917 /* Base */,
			);
			name = LaunchScreen.storyboard;
			sourceTree = "<group>";
		};
/* End PBXVariantGroup section */

/* Begin XCBuildConfiguration section */
		F721F89B2B2F574600652917 /* Debug */ = {
			isa = XCBuildConfiguration;
			buildSettings = {
				ALWAYS_SEARCH_USER_PATHS = NO;
				ASSETCATALOG_COMPILER_GENERATE_SWIFT_ASSET_SYMBOL_EXTENSIONS = YES;
				CLANG_ANALYZER_NONNULL = YES;
				CLANG_ANALYZER_NUMBER_OBJECT_CONVERSION = YES_AGGRESSIVE;
				CLANG_CXX_LANGUAGE_STANDARD = "gnu++20";
				CLANG_ENABLE_MODULES = YES;
				CLANG_ENABLE_OBJC_ARC = YES;
				CLANG_ENABLE_OBJC_WEAK = YES;
				CLANG_WARN_BLOCK_CAPTURE_AUTORELEASING = YES;
				CLANG_WARN_BOOL_CONVERSION = YES;
				CLANG_WARN_COMMA = YES;
				CLANG_WARN_CONSTANT_CONVERSION = YES;
				CLANG_WARN_DEPRECATED_OBJC_IMPLEMENTATIONS = YES;
				CLANG_WARN_DIRECT_OBJC_ISA_USAGE = YES_ERROR;
				CLANG_WARN_DOCUMENTATION_COMMENTS = YES;
				CLANG_WARN_EMPTY_BODY = YES;
				CLANG_WARN_ENUM_CONVERSION = YES;
				CLANG_WARN_INFINITE_RECURSION = YES;
				CLANG_WARN_INT_CONVERSION = YES;
				CLANG_WARN_NON_LITERAL_NULL_CONVERSION = YES;
				CLANG_WARN_OBJC_IMPLICIT_RETAIN_SELF = YES;
				CLANG_WARN_OBJC_LITERAL_CONVERSION = YES;
				CLANG_WARN_OBJC_ROOT_CLASS = YES_ERROR;
				CLANG_WARN_QUOTED_INCLUDE_IN_FRAMEWORK_HEADER = YES;
				CLANG_WARN_RANGE_LOOP_ANALYSIS = YES;
				CLANG_WARN_STRICT_PROTOTYPES = YES;
				CLANG_WARN_SUSPICIOUS_MOVE = YES;
				CLANG_WARN_UNGUARDED_AVAILABILITY = YES_AGGRESSIVE;
				CLANG_WARN_UNREACHABLE_CODE = YES;
				CLANG_WARN__DUPLICATE_METHOD_MATCH = YES;
				COPY_PHASE_STRIP = NO;
				DEBUG_INFORMATION_FORMAT = dwarf;
				ENABLE_STRICT_OBJC_MSGSEND = YES;
				ENABLE_TESTABILITY = YES;
				ENABLE_USER_SCRIPT_SANDBOXING = NO;
				GCC_C_LANGUAGE_STANDARD = gnu17;
				GCC_DYNAMIC_NO_PIC = NO;
				GCC_NO_COMMON_BLOCKS = YES;
				GCC_OPTIMIZATION_LEVEL = 0;
				GCC_PREPROCESSOR_DEFINITIONS = (
					"DEBUG=1",
					"$(inherited)",
				);
				GCC_WARN_64_TO_32_BIT_CONVERSION = YES;
				GCC_WARN_ABOUT_RETURN_TYPE = YES_ERROR;
				GCC_WARN_UNDECLARED_SELECTOR = YES;
				GCC_WARN_UNINITIALIZED_AUTOS = YES_AGGRESSIVE;
				GCC_WARN_UNUSED_FUNCTION = YES;
				GCC_WARN_UNUSED_VARIABLE = YES;
				IPHONEOS_DEPLOYMENT_TARGET = 17.0;
				LOCALIZATION_PREFERS_STRING_CATALOGS = YES;
				MTL_ENABLE_DEBUG_INFO = INCLUDE_SOURCE;
				MTL_FAST_MATH = YES;
				ONLY_ACTIVE_ARCH = YES;
				SDKROOT = iphoneos;
				SWIFT_ACTIVE_COMPILATION_CONDITIONS = "DEBUG $(inherited)";
				SWIFT_OPTIMIZATION_LEVEL = "-Onone";
			};
			name = Debug;
		};
		F721F89C2B2F574600652917 /* Release */ = {
			isa = XCBuildConfiguration;
			buildSettings = {
				ALWAYS_SEARCH_USER_PATHS = NO;
				ASSETCATALOG_COMPILER_GENERATE_SWIFT_ASSET_SYMBOL_EXTENSIONS = YES;
				CLANG_ANALYZER_NONNULL = YES;
				CLANG_ANALYZER_NUMBER_OBJECT_CONVERSION = YES_AGGRESSIVE;
				CLANG_CXX_LANGUAGE_STANDARD = "gnu++20";
				CLANG_ENABLE_MODULES = YES;
				CLANG_ENABLE_OBJC_ARC = YES;
				CLANG_ENABLE_OBJC_WEAK = YES;
				CLANG_WARN_BLOCK_CAPTURE_AUTORELEASING = YES;
				CLANG_WARN_BOOL_CONVERSION = YES;
				CLANG_WARN_COMMA = YES;
				CLANG_WARN_CONSTANT_CONVERSION = YES;
				CLANG_WARN_DEPRECATED_OBJC_IMPLEMENTATIONS = YES;
				CLANG_WARN_DIRECT_OBJC_ISA_USAGE = YES_ERROR;
				CLANG_WARN_DOCUMENTATION_COMMENTS = YES;
				CLANG_WARN_EMPTY_BODY = YES;
				CLANG_WARN_ENUM_CONVERSION = YES;
				CLANG_WARN_INFINITE_RECURSION = YES;
				CLANG_WARN_INT_CONVERSION = YES;
				CLANG_WARN_NON_LITERAL_NULL_CONVERSION = YES;
				CLANG_WARN_OBJC_IMPLICIT_RETAIN_SELF = YES;
				CLANG_WARN_OBJC_LITERAL_CONVERSION = YES;
				CLANG_WARN_OBJC_ROOT_CLASS = YES_ERROR;
				CLANG_WARN_QUOTED_INCLUDE_IN_FRAMEWORK_HEADER = YES;
				CLANG_WARN_RANGE_LOOP_ANALYSIS = YES;
				CLANG_WARN_STRICT_PROTOTYPES = YES;
				CLANG_WARN_SUSPICIOUS_MOVE = YES;
				CLANG_WARN_UNGUARDED_AVAILABILITY = YES_AGGRESSIVE;
				CLANG_WARN_UNREACHABLE_CODE = YES;
				CLANG_WARN__DUPLICATE_METHOD_MATCH = YES;
				COPY_PHASE_STRIP = NO;
				DEBUG_INFORMATION_FORMAT = "dwarf-with-dsym";
				ENABLE_NS_ASSERTIONS = NO;
				ENABLE_STRICT_OBJC_MSGSEND = YES;
				ENABLE_USER_SCRIPT_SANDBOXING = NO;
				GCC_C_LANGUAGE_STANDARD = gnu17;
				GCC_NO_COMMON_BLOCKS = YES;
				GCC_WARN_64_TO_32_BIT_CONVERSION = YES;
				GCC_WARN_ABOUT_RETURN_TYPE = YES_ERROR;
				GCC_WARN_UNDECLARED_SELECTOR = YES;
				GCC_WARN_UNINITIALIZED_AUTOS = YES_AGGRESSIVE;
				GCC_WARN_UNUSED_FUNCTION = YES;
				GCC_WARN_UNUSED_VARIABLE = YES;
				IPHONEOS_DEPLOYMENT_TARGET = 17.0;
				LOCALIZATION_PREFERS_STRING_CATALOGS = YES;
				MTL_ENABLE_DEBUG_INFO = NO;
				MTL_FAST_MATH = YES;
				SDKROOT = iphoneos;
				SWIFT_COMPILATION_MODE = wholemodule;
				VALIDATE_PRODUCT = YES;
			};
			name = Release;
		};
		F721F89E2B2F574600652917 /* Debug */ = {
			isa = XCBuildConfiguration;
			baseConfigurationReference = D52E4AEC3F12E144E800430E /* Pods-MyInstagram.debug.xcconfig */;
			buildSettings = {
				ASSETCATALOG_COMPILER_APPICON_NAME = AppIcon;
				ASSETCATALOG_COMPILER_GLOBAL_ACCENT_COLOR_NAME = AccentColor;
				CODE_SIGN_STYLE = Automatic;
				CURRENT_PROJECT_VERSION = 1;
				DEVELOPMENT_TEAM = LCRJL3NRC8;
				GENERATE_INFOPLIST_FILE = YES;
				INFOPLIST_FILE = MyInstagram/Info.plist;
				INFOPLIST_KEY_UIApplicationSupportsIndirectInputEvents = YES;
				INFOPLIST_KEY_UILaunchStoryboardName = LaunchScreen;
				INFOPLIST_KEY_UIMainStoryboardFile = Main;
				INFOPLIST_KEY_UISupportedInterfaceOrientations_iPad = "UIInterfaceOrientationPortrait UIInterfaceOrientationPortraitUpsideDown UIInterfaceOrientationLandscapeLeft UIInterfaceOrientationLandscapeRight";
				INFOPLIST_KEY_UISupportedInterfaceOrientations_iPhone = "UIInterfaceOrientationPortrait UIInterfaceOrientationLandscapeLeft UIInterfaceOrientationLandscapeRight";
				LD_RUNPATH_SEARCH_PATHS = (
					"$(inherited)",
					"@executable_path/Frameworks",
				);
				MARKETING_VERSION = 1.0;
				PRODUCT_BUNDLE_IDENTIFIER = IvanZnak.MyInstagram;
				PRODUCT_NAME = "$(TARGET_NAME)";
				SWIFT_EMIT_LOC_STRINGS = YES;
				SWIFT_VERSION = 5.0;
				TARGETED_DEVICE_FAMILY = "1,2";
			};
			name = Debug;
		};
		F721F89F2B2F574600652917 /* Release */ = {
			isa = XCBuildConfiguration;
			baseConfigurationReference = 8712957D56F50C684FF23336 /* Pods-MyInstagram.release.xcconfig */;
			buildSettings = {
				ASSETCATALOG_COMPILER_APPICON_NAME = AppIcon;
				ASSETCATALOG_COMPILER_GLOBAL_ACCENT_COLOR_NAME = AccentColor;
				CODE_SIGN_STYLE = Automatic;
				CURRENT_PROJECT_VERSION = 1;
				DEVELOPMENT_TEAM = LCRJL3NRC8;
				GENERATE_INFOPLIST_FILE = YES;
				INFOPLIST_FILE = MyInstagram/Info.plist;
				INFOPLIST_KEY_UIApplicationSupportsIndirectInputEvents = YES;
				INFOPLIST_KEY_UILaunchStoryboardName = LaunchScreen;
				INFOPLIST_KEY_UIMainStoryboardFile = Main;
				INFOPLIST_KEY_UISupportedInterfaceOrientations_iPad = "UIInterfaceOrientationPortrait UIInterfaceOrientationPortraitUpsideDown UIInterfaceOrientationLandscapeLeft UIInterfaceOrientationLandscapeRight";
				INFOPLIST_KEY_UISupportedInterfaceOrientations_iPhone = "UIInterfaceOrientationPortrait UIInterfaceOrientationLandscapeLeft UIInterfaceOrientationLandscapeRight";
				LD_RUNPATH_SEARCH_PATHS = (
					"$(inherited)",
					"@executable_path/Frameworks",
				);
				MARKETING_VERSION = 1.0;
				PRODUCT_BUNDLE_IDENTIFIER = IvanZnak.MyInstagram;
				PRODUCT_NAME = "$(TARGET_NAME)";
				SWIFT_EMIT_LOC_STRINGS = YES;
				SWIFT_VERSION = 5.0;
				TARGETED_DEVICE_FAMILY = "1,2";
			};
			name = Release;
		};
/* End XCBuildConfiguration section */

/* Begin XCConfigurationList section */
		F721F8842B2F574300652917 /* Build configuration list for PBXProject "MyInstagram" */ = {
			isa = XCConfigurationList;
			buildConfigurations = (
				F721F89B2B2F574600652917 /* Debug */,
				F721F89C2B2F574600652917 /* Release */,
			);
			defaultConfigurationIsVisible = 0;
			defaultConfigurationName = Release;
		};
		F721F89D2B2F574600652917 /* Build configuration list for PBXNativeTarget "MyInstagram" */ = {
			isa = XCConfigurationList;
			buildConfigurations = (
				F721F89E2B2F574600652917 /* Debug */,
				F721F89F2B2F574600652917 /* Release */,
			);
			defaultConfigurationIsVisible = 0;
			defaultConfigurationName = Release;
		};
/* End XCConfigurationList section */
	};
	rootObject = F721F8812B2F574300652917 /* Project object */;
}
